
Microsoft Visual Studio Solution File, Format Version 12.00
# Visual Studio Version 17
VisualStudioVersion = 17.10.35013.160
MinimumVisualStudioVersion = 10.0.40219.1
Project("{FAE04EC0-301F-11D3-BF4B-00C04F79EFBC}") = "socialmedia_button_bar", "socialmedia_button_bar\socialmedia_button_bar.csproj", "{23EE3B80-7760-4980-8091-78190CA995DE}"
EndProject
Global
	GlobalSection(SolutionConfigurationPlatforms) = preSolution
		Debug|Any CPU = Debug|Any CPU
		Release|Any CPU = Release|Any CPU
	EndGlobalSection
	GlobalSection(ProjectConfigurationPlatforms) = postSolution
		{23EE3B80-7760-4980-8091-78190CA995DE}.Debug|Any CPU.ActiveCfg = Debug|Any CPU
		{23EE3B80-7760-4980-8091-78190CA995DE}.Debug|Any CPU.Build.0 = Debug|Any CPU
		{23EE3B80-7760-4980-8091-78190CA995DE}.Release|Any CPU.ActiveCfg = Release|Any CPU
		{23EE3B80-7760-4980-8091-78190CA995DE}.Release|Any CPU.Build.0 = Release|Any CPU
	EndGlobalSection
	GlobalSection(SolutionProperties) = preSolution
		HideSolutionNode = FALSE
	EndGlobalSection
	GlobalSection(ExtensibilityGlobals) = postSolution
		SolutionGuid = {3D7A2178-C452-4BA3-9036-1E52F69B0BA7}
	EndGlobalSection
EndGlobal
